
Microsoft Visual Studio Solution File, Format Version 12.00
# Visual Studio Version 17
VisualStudioVersion = 17.9.34526.213
MinimumVisualStudioVersion = 10.0.40219.1
Project("{FAE04EC0-301F-11D3-BF4B-00C04F79EFBC}") = "FitnessTracker", "FitnessTracker\FitnessTracker.csproj", "{EC7CF1C7-FCF2-4BFF-9730-C817F6BDB558}"
EndProject
Global
	GlobalSection(SolutionConfigurationPlatforms) = preSolution
		Debug|Any CPU = Debug|Any CPU
		Release|Any CPU = Release|Any CPU
	EndGlobalSection
	GlobalSection(ProjectConfigurationPlatforms) = postSolution
		{EC7CF1C7-FCF2-4BFF-9730-C817F6BDB558}.Debug|Any CPU.ActiveCfg = Debug|Any CPU
		{EC7CF1C7-FCF2-4BFF-9730-C817F6BDB558}.Debug|Any CPU.Build.0 = Debug|Any CPU
		{EC7CF1C7-FCF2-4BFF-9730-C817F6BDB558}.Release|Any CPU.ActiveCfg = Release|Any CPU
		{EC7CF1C7-FCF2-4BFF-9730-C817F6BDB558}.Release|Any CPU.Build.0 = Release|Any CPU
	EndGlobalSection
	GlobalSection(SolutionProperties) = preSolution
		HideSolutionNode = FALSE
	EndGlobalSection
	GlobalSection(ExtensibilityGlobals) = postSolution
		SolutionGuid = {2849C135-8BB7-43B5-BBF1-4BC8257F6298}
	EndGlobalSection
EndGlobal
